
Microsoft Visual Studio Solution File, Format Version 12.00
# Visual Studio Version 16
VisualStudioVersion = 16.0.30204.135
MinimumVisualStudioVersion = 10.0.40219.1
Project("{FAE04EC0-301F-11D3-BF4B-00C04F79EFBC}") = "AdventOfCode", "AdventOfCode\AdventOfCode.csproj", "{13CF877C-AE0B-43C4-B518-B8574AE3043E}"
EndProject
Global
	GlobalSection(SolutionConfigurationPlatforms) = preSolution
		Debug|Any CPU = Debug|Any CPU
		Release|Any CPU = Release|Any CPU
	EndGlobalSection
	GlobalSection(ProjectConfigurationPlatforms) = postSolution
		{13CF877C-AE0B-43C4-B518-B8574AE3043E}.Debug|Any CPU.ActiveCfg = Debug|Any CPU
		{13CF877C-AE0B-43C4-B518-B8574AE3043E}.Debug|Any CPU.Build.0 = Debug|Any CPU
		{13CF877C-AE0B-43C4-B518-B8574AE3043E}.Release|Any CPU.ActiveCfg = Release|Any CPU
		{13CF877C-AE0B-43C4-B518-B8574AE3043E}.Release|Any CPU.Build.0 = Release|Any CPU
	EndGlobalSection
	GlobalSection(SolutionProperties) = preSolution
		HideSolutionNode = FALSE
	EndGlobalSection
	GlobalSection(ExtensibilityGlobals) = postSolution
		SolutionGuid = {3456C727-BA9A-4843-9B05-0156099C47D3}
	EndGlobalSection
EndGlobal
